
Microsoft Visual Studio Solution File, Format Version 12.00
# Visual Studio Version 17
VisualStudioVersion = 17.5.002.0
MinimumVisualStudioVersion = 10.0.40219.1
Project("{2150E333-8FDC-42A3-9474-1A3956D46DE8}") = "src", "src", "{C60800D5-CEAA-4A48-8C5D-0438A037D863}"
EndProject
Project("{FAE04EC0-301F-11D3-BF4B-00C04F79EFBC}") = "API", "src\API\API.csproj", "{A2B54D9C-2297-4E3D-AE7B-72A3C6677306}"
EndProject
Project("{FAE04EC0-301F-11D3-BF4B-00C04F79EFBC}") = "Domain", "src\Domain\Domain.csproj", "{B607444D-057E-46A0-93B4-CB8751192A97}"
EndProject
Project("{FAE04EC0-301F-11D3-BF4B-00C04F79EFBC}") = "Infrastructure", "src\Infrastructure\Infrastructure.csproj", "{8D108E54-137D-42F5-83DD-D45B2F649BB5}"
EndProject
Project("{FAE04EC0-301F-11D3-BF4B-00C04F79EFBC}") = "Persistance", "src\Persistance\Persistance.csproj", "{91DB27E8-484B-4E2C-9D31-12237A5CFD73}"
EndProject
Project("{FAE04EC0-301F-11D3-BF4B-00C04F79EFBC}") = "UseCases", "src\UseCases\UseCases.csproj", "{D43F59BB-A9E9-4913-AD85-2FB719576712}"
EndProject
Project("{2150E333-8FDC-42A3-9474-1A3956D46DE8}") = "test", "test", "{844DCB61-99B2-4A9E-855E-53D344399DCB}"
EndProject
Project("{FAE04EC0-301F-11D3-BF4B-00C04F79EFBC}") = "UseCases.UnitTests", "test\UseCases.UnitTests\UseCases.UnitTests.csproj", "{68E5DD4E-1E61-4F7F-BEB8-9AB844A1B7AA}"
EndProject
Global
	GlobalSection(SolutionProperties) = preSolution
		HideSolutionNode = FALSE
	EndGlobalSection
	GlobalSection(ExtensibilityGlobals) = postSolution
		SolutionGuid = {84A19B0A-1B8E-4826-AD57-87BCD52A2016}
	EndGlobalSection
	GlobalSection(SolutionConfigurationPlatforms) = preSolution
		Debug|Any CPU = Debug|Any CPU
		Debug|x64 = Debug|x64
		Debug|x86 = Debug|x86
		Release|Any CPU = Release|Any CPU
		Release|x64 = Release|x64
		Release|x86 = Release|x86
	EndGlobalSection
	GlobalSection(ProjectConfigurationPlatforms) = postSolution
		{A2B54D9C-2297-4E3D-AE7B-72A3C6677306}.Debug|Any CPU.ActiveCfg = Debug|Any CPU
		{A2B54D9C-2297-4E3D-AE7B-72A3C6677306}.Debug|Any CPU.Build.0 = Debug|Any CPU
		{A2B54D9C-2297-4E3D-AE7B-72A3C6677306}.Debug|x64.ActiveCfg = Debug|Any CPU
		{A2B54D9C-2297-4E3D-AE7B-72A3C6677306}.Debug|x64.Build.0 = Debug|Any CPU
		{A2B54D9C-2297-4E3D-AE7B-72A3C6677306}.Debug|x86.ActiveCfg = Debug|Any CPU
		{A2B54D9C-2297-4E3D-AE7B-72A3C6677306}.Debug|x86.Build.0 = Debug|Any CPU
		{A2B54D9C-2297-4E3D-AE7B-72A3C6677306}.Release|Any CPU.ActiveCfg = Release|Any CPU
		{A2B54D9C-2297-4E3D-AE7B-72A3C6677306}.Release|Any CPU.Build.0 = Release|Any CPU
		{A2B54D9C-2297-4E3D-AE7B-72A3C6677306}.Release|x64.ActiveCfg = Release|Any CPU
		{A2B54D9C-2297-4E3D-AE7B-72A3C6677306}.Release|x64.Build.0 = Release|Any CPU
		{A2B54D9C-2297-4E3D-AE7B-72A3C6677306}.Release|x86.ActiveCfg = Release|Any CPU
		{A2B54D9C-2297-4E3D-AE7B-72A3C6677306}.Release|x86.Build.0 = Release|Any CPU
		{B607444D-057E-46A0-93B4-CB8751192A97}.Debug|Any CPU.ActiveCfg = Debug|Any CPU
		{B607444D-057E-46A0-93B4-CB8751192A97}.Debug|Any CPU.Build.0 = Debug|Any CPU
		{B607444D-057E-46A0-93B4-CB8751192A97}.Debug|x64.ActiveCfg = Debug|Any CPU
		{B607444D-057E-46A0-93B4-CB8751192A97}.Debug|x64.Build.0 = Debug|Any CPU
		{B607444D-057E-46A0-93B4-CB8751192A97}.Debug|x86.ActiveCfg = Debug|Any CPU
		{B607444D-057E-46A0-93B4-CB8751192A97}.Debug|x86.Build.0 = Debug|Any CPU
		{B607444D-057E-46A0-93B4-CB8751192A97}.Release|Any CPU.ActiveCfg = Release|Any CPU
		{B607444D-057E-46A0-93B4-CB8751192A97}.Release|Any CPU.Build.0 = Release|Any CPU
		{B607444D-057E-46A0-93B4-CB8751192A97}.Release|x64.ActiveCfg = Release|Any CPU
		{B607444D-057E-46A0-93B4-CB8751192A97}.Release|x64.Build.0 = Release|Any CPU
		{B607444D-057E-46A0-93B4-CB8751192A97}.Release|x86.ActiveCfg = Release|Any CPU
		{B607444D-057E-46A0-93B4-CB8751192A97}.Release|x86.Build.0 = Release|Any CPU
		{8D108E54-137D-42F5-83DD-D45B2F649BB5}.Debug|Any CPU.ActiveCfg = Debug|Any CPU
		{8D108E54-137D-42F5-83DD-D45B2F649BB5}.Debug|Any CPU.Build.0 = Debug|Any CPU
		{8D108E54-137D-42F5-83DD-D45B2F649BB5}.Debug|x64.ActiveCfg = Debug|Any CPU
		{8D108E54-137D-42F5-83DD-D45B2F649BB5}.Debug|x64.Build.0 = Debug|Any CPU
		{8D108E54-137D-42F5-83DD-D45B2F649BB5}.Debug|x86.ActiveCfg = Debug|Any CPU
		{8D108E54-137D-42F5-83DD-D45B2F649BB5}.Debug|x86.Build.0 = Debug|Any CPU
		{8D108E54-137D-42F5-83DD-D45B2F649BB5}.Release|Any CPU.ActiveCfg = Release|Any CPU
		{8D108E54-137D-42F5-83DD-D45B2F649BB5}.Release|Any CPU.Build.0 = Release|Any CPU
		{8D108E54-137D-42F5-83DD-D45B2F649BB5}.Release|x64.ActiveCfg = Release|Any CPU
		{8D108E54-137D-42F5-83DD-D45B2F649BB5}.Release|x64.Build.0 = Release|Any CPU
		{8D108E54-137D-42F5-83DD-D45B2F649BB5}.Release|x86.ActiveCfg = Release|Any CPU
		{8D108E54-137D-42F5-83DD-D45B2F649BB5}.Release|x86.Build.0 = Release|Any CPU
		{91DB27E8-484B-4E2C-9D31-12237A5CFD73}.Debug|Any CPU.ActiveCfg = Debug|Any CPU
		{91DB27E8-484B-4E2C-9D31-12237A5CFD73}.Debug|Any CPU.Build.0 = Debug|Any CPU
		{91DB27E8-484B-4E2C-9D31-12237A5CFD73}.Debug|x64.ActiveCfg = Debug|Any CPU
		{91DB27E8-484B-4E2C-9D31-12237A5CFD73}.Debug|x64.Build.0 = Debug|Any CPU
		{91DB27E8-484B-4E2C-9D31-12237A5CFD73}.Debug|x86.ActiveCfg = Debug|Any CPU
		{91DB27E8-484B-4E2C-9D31-12237A5CFD73}.Debug|x86.Build.0 = Debug|Any CPU
		{91DB27E8-484B-4E2C-9D31-12237A5CFD73}.Release|Any CPU.ActiveCfg = Release|Any CPU
		{91DB27E8-484B-4E2C-9D31-12237A5CFD73}.Release|Any CPU.Build.0 = Release|Any CPU
		{91DB27E8-484B-4E2C-9D31-12237A5CFD73}.Release|x64.ActiveCfg = Release|Any CPU
		{91DB27E8-484B-4E2C-9D31-12237A5CFD73}.Release|x64.Build.0 = Release|Any CPU
		{91DB27E8-484B-4E2C-9D31-12237A5CFD73}.Release|x86.ActiveCfg = Release|Any CPU
		{91DB27E8-484B-4E2C-9D31-12237A5CFD73}.Release|x86.Build.0 = Release|Any CPU
		{D43F59BB-A9E9-4913-AD85-2FB719576712}.Debug|Any CPU.ActiveCfg = Debug|Any CPU
		{D43F59BB-A9E9-4913-AD85-2FB719576712}.Debug|Any CPU.Build.0 = Debug|Any CPU
		{D43F59BB-A9E9-4913-AD85-2FB719576712}.Debug|x64.ActiveCfg = Debug|Any CPU
		{D43F59BB-A9E9-4913-AD85-2FB719576712}.Debug|x64.Build.0 = Debug|Any CPU
		{D43F59BB-A9E9-4913-AD85-2FB719576712}.Debug|x86.ActiveCfg = Debug|Any CPU
		{D43F59BB-A9E9-4913-AD85-2FB719576712}.Debug|x86.Build.0 = Debug|Any CPU
		{D43F59BB-A9E9-4913-AD85-2FB719576712}.Release|Any CPU.ActiveCfg = Release|Any CPU
		{D43F59BB-A9E9-4913-AD85-2FB719576712}.Release|Any CPU.Build.0 = Release|Any CPU
		{D43F59BB-A9E9-4913-AD85-2FB719576712}.Release|x64.ActiveCfg = Release|Any CPU
		{D43F59BB-A9E9-4913-AD85-2FB719576712}.Release|x64.Build.0 = Release|Any CPU
		{D43F59BB-A9E9-4913-AD85-2FB719576712}.Release|x86.ActiveCfg = Release|Any CPU
		{D43F59BB-A9E9-4913-AD85-2FB719576712}.Release|x86.Build.0 = Release|Any CPU
		{68E5DD4E-1E61-4F7F-BEB8-9AB844A1B7AA}.Debug|Any CPU.ActiveCfg = Debug|Any CPU
		{68E5DD4E-1E61-4F7F-BEB8-9AB844A1B7AA}.Debug|Any CPU.Build.0 = Debug|Any CPU
		{68E5DD4E-1E61-4F7F-BEB8-9AB844A1B7AA}.Debug|x64.ActiveCfg = Debug|Any CPU
		{68E5DD4E-1E61-4F7F-BEB8-9AB844A1B7AA}.Debug|x64.Build.0 = Debug|Any CPU
		{68E5DD4E-1E61-4F7F-BEB8-9AB844A1B7AA}.Debug|x86.ActiveCfg = Debug|Any CPU
		{68E5DD4E-1E61-4F7F-BEB8-9AB844A1B7AA}.Debug|x86.Build.0 = Debug|Any CPU
		{68E5DD4E-1E61-4F7F-BEB8-9AB844A1B7AA}.Release|Any CPU.ActiveCfg = Release|Any CPU
		{68E5DD4E-1E61-4F7F-BEB8-9AB844A1B7AA}.Release|Any CPU.Build.0 = Release|Any CPU
		{68E5DD4E-1E61-4F7F-BEB8-9AB844A1B7AA}.Release|x64.ActiveCfg = Release|Any CPU
		{68E5DD4E-1E61-4F7F-BEB8-9AB844A1B7AA}.Release|x64.Build.0 = Release|Any CPU
		{68E5DD4E-1E61-4F7F-BEB8-9AB844A1B7AA}.Release|x86.ActiveCfg = Release|Any CPU
		{68E5DD4E-1E61-4F7F-BEB8-9AB844A1B7AA}.Release|x86.Build.0 = Release|Any CPU
	EndGlobalSection
	GlobalSection(NestedProjects) = preSolution
		{A2B54D9C-2297-4E3D-AE7B-72A3C6677306} = {C60800D5-CEAA-4A48-8C5D-0438A037D863}
		{B607444D-057E-46A0-93B4-CB8751192A97} = {C60800D5-CEAA-4A48-8C5D-0438A037D863}
		{8D108E54-137D-42F5-83DD-D45B2F649BB5} = {C60800D5-CEAA-4A48-8C5D-0438A037D863}
		{91DB27E8-484B-4E2C-9D31-12237A5CFD73} = {C60800D5-CEAA-4A48-8C5D-0438A037D863}
		{D43F59BB-A9E9-4913-AD85-2FB719576712} = {C60800D5-CEAA-4A48-8C5D-0438A037D863}
		{68E5DD4E-1E61-4F7F-BEB8-9AB844A1B7AA} = {844DCB61-99B2-4A9E-855E-53D344399DCB}
	EndGlobalSection
EndGlobal
